
Microsoft Visual Studio Solution File, Format Version 12.00
# Visual Studio Version 16
VisualStudioVersion = 16.0.29318.209
MinimumVisualStudioVersion = 10.0.40219.1
Project("{888888A0-9F3D-457C-B088-3A5042F75D52}") = "EmployeePortal", "EmployeePortal.pyproj", "{CDC812D9-6983-4112-9FEE-3AD3928C9ACE}"
EndProject
Global
	GlobalSection(SolutionConfigurationPlatforms) = preSolution
		Debug|Any CPU = Debug|Any CPU
		Release|Any CPU = Release|Any CPU
	EndGlobalSection
	GlobalSection(ProjectConfigurationPlatforms) = postSolution
		{CDC812D9-6983-4112-9FEE-3AD3928C9ACE}.Debug|Any CPU.ActiveCfg = Debug|Any CPU
		{CDC812D9-6983-4112-9FEE-3AD3928C9ACE}.Release|Any CPU.ActiveCfg = Release|Any CPU
	EndGlobalSection
	GlobalSection(SolutionProperties) = preSolution
		HideSolutionNode = FALSE
	EndGlobalSection
	GlobalSection(ExtensibilityGlobals) = postSolution
		SolutionGuid = {A881F03E-F869-4C8C-BDAA-1D5E066928E1}
	EndGlobalSection
EndGlobal
